
Microsoft Visual Studio Solution File, Format Version 12.00
# Visual Studio Version 17
VisualStudioVersion = 17.14.35806.103 d17.14
MinimumVisualStudioVersion = 10.0.40219.1
Project("{FAE04EC0-301F-11D3-BF4B-00C04F79EFBC}") = "PrivateBlog.Web", "PrivateBlog.Web\PrivateBlog.Web.csproj", "{9A14C7E2-1687-4E83-AD9B-61904E9E3469}"
EndProject
Global
	GlobalSection(SolutionConfigurationPlatforms) = preSolution
		Debug|Any CPU = Debug|Any CPU
		Release|Any CPU = Release|Any CPU
	EndGlobalSection
	GlobalSection(ProjectConfigurationPlatforms) = postSolution
		{9A14C7E2-1687-4E83-AD9B-61904E9E3469}.Debug|Any CPU.ActiveCfg = Debug|Any CPU
		{9A14C7E2-1687-4E83-AD9B-61904E9E3469}.Debug|Any CPU.Build.0 = Debug|Any CPU
		{9A14C7E2-1687-4E83-AD9B-61904E9E3469}.Release|Any CPU.ActiveCfg = Release|Any CPU
		{9A14C7E2-1687-4E83-AD9B-61904E9E3469}.Release|Any CPU.Build.0 = Release|Any CPU
	EndGlobalSection
	GlobalSection(SolutionProperties) = preSolution
		HideSolutionNode = FALSE
	EndGlobalSection
	GlobalSection(ExtensibilityGlobals) = postSolution
		SolutionGuid = {14D91CFE-8CA4-47A7-9B5A-3875524B1827}
	EndGlobalSection
EndGlobal
