Microsoft Visual Studio Solution File, Format Version 12.00
# Visual Studio Version 17
VisualStudioVersion = 17.5.2.0
MinimumVisualStudioVersion = 10.0.40219.1
Project("{FAE04EC0-301F-11D3-BF4B-00C04F79EFBC}") = "PrivateBlog.Web", "PrivateBlog.Web.csproj", "{57FDAE8B-5D74-80D8-52EF-AFF5C1DEA6A5}"
EndProject
Global
	GlobalSection(SolutionConfigurationPlatforms) = preSolution
		Debug|Any CPU = Debug|Any CPU
		Release|Any CPU = Release|Any CPU
	EndGlobalSection
	GlobalSection(ProjectConfigurationPlatforms) = postSolution
		{57FDAE8B-5D74-80D8-52EF-AFF5C1DEA6A5}.Debug|Any CPU.ActiveCfg = Debug|Any CPU
		{57FDAE8B-5D74-80D8-52EF-AFF5C1DEA6A5}.Debug|Any CPU.Build.0 = Debug|Any CPU
		{57FDAE8B-5D74-80D8-52EF-AFF5C1DEA6A5}.Release|Any CPU.ActiveCfg = Release|Any CPU
		{57FDAE8B-5D74-80D8-52EF-AFF5C1DEA6A5}.Release|Any CPU.Build.0 = Release|Any CPU
	EndGlobalSection
	GlobalSection(SolutionProperties) = preSolution
		HideSolutionNode = FALSE
	EndGlobalSection
	GlobalSection(ExtensibilityGlobals) = postSolution
		SolutionGuid = {F4278C4E-89DB-461E-A73A-FB94D5A889B5}
	EndGlobalSection
EndGlobal
